lockfileVersion: '6.0'

settings:
  autoInstallPeers: true
  excludeLinksFromLockfile: false

dependencies:
  '@pandacss/types':
    specifier: ^0.15.0
    version: 0.15.0
  cvet:
    specifier: ^3.2.1
    version: 3.2.1
  typescript:
    specifier: ^5.2.2
    version: 5.2.2

packages:

  /@cvet/types@3.0.0:
    resolution: {integrity: sha512-JKU7Ux50+c6o7RzmxtZ8m20LUI5VIHF1GPWNV1NJRA0dS9qCa/mGNXy6l7qU019hBJJLalC5/KgD/PbBeMZH1w==}
    dev: false

  /@pandacss/types@0.15.0:
    resolution: {integrity: sha512-yaLUPPChaQuc0cW+2In7Eg1VSvGrO2g4tBcsAoj5trV64hP1qN7Fln8uc4timh70QEwgzSaiMzikO0mgq3ARUQ==}
    dev: false

  /cvet@3.2.1:
    resolution: {integrity: sha512-K/gmsf7Gm6lFc5KkghpbW4bX0MF+S5wmQCr6lhSsEBgGDfNcyMGuOvxoTlqKvIi9wm34fBuf7ACCLANlGDQOZg==}
    dependencies:
      '@cvet/types': 3.0.0
    dev: false

  /typescript@5.2.2:
    resolution: {integrity: sha512-mI4WrpHsbCIcwT9cF4FZvr80QUeKvsUsUvKDoR+X/7XHQH98xYD8YHZg7ANtz2GtZt/CBq2QJ0thkGJMHfqc1w==}
    engines: {node: '>=14.17'}
    hasBin: true
    dev: false
